
Microsoft Visual Studio Solution File, Format Version 12.00
# Visual Studio 2013
VisualStudioVersion = 12.0.31101.0
MinimumVisualStudioVersion = 10.0.40219.1
Project("{FAE04EC0-301F-11D3-BF4B-00C04F79EFBC}") = "SoftPhone.Connector", "SoftPhone.Connector\SoftPhone.Connector.csproj", "{BC469A33-1CA0-4D42-BD22-D8945B3FD4FE}"
EndProject
Project("{FAE04EC0-301F-11D3-BF4B-00C04F79EFBC}") = "SoftPhone.Core", "SoftPhone.Core\SoftPhone.Core.csproj", "{5CF0864A-2285-4F1C-888E-1C7B885D78E3}"
EndProject
Project("{FAE04EC0-301F-11D3-BF4B-00C04F79EFBC}") = "SoftPhone.Lync", "SoftPhone.Lync\SoftPhone.Lync.csproj", "{FF48F584-73D1-4A5F-AF4C-CEAF51701BD2}"
EndProject
Project("{2150E333-8FDC-42A3-9474-1A3956D46DE8}") = "References", "References", "{16E1B3FE-53D0-47B4-8DA6-B653D6C122CC}"
EndProject
Project("{FAE04EC0-301F-11D3-BF4B-00C04F79EFBC}") = "SoftPhone.Salesforce", "SoftPhone.Salesforce\SoftPhone.Salesforce.csproj", "{1E358069-742E-411D-A461-C8E72CF97CE9}"
EndProject
Project("{FAE04EC0-301F-11D3-BF4B-00C04F79EFBC}") = "cometd", "..\CometD\Salesforce_PushTopics-master\cometd\cometd.csproj", "{CE60C8C6-3F04-447B-946C-D22397E39EC6}"
EndProject
Global
	GlobalSection(SolutionConfigurationPlatforms) = preSolution
		Debug|Any CPU = Debug|Any CPU
		Release|Any CPU = Release|Any CPU
	EndGlobalSection
	GlobalSection(ProjectConfigurationPlatforms) = postSolution
		{BC469A33-1CA0-4D42-BD22-D8945B3FD4FE}.Debug|Any CPU.ActiveCfg = Debug|Any CPU
		{BC469A33-1CA0-4D42-BD22-D8945B3FD4FE}.Debug|Any CPU.Build.0 = Debug|Any CPU
		{BC469A33-1CA0-4D42-BD22-D8945B3FD4FE}.Release|Any CPU.ActiveCfg = Release|Any CPU
		{BC469A33-1CA0-4D42-BD22-D8945B3FD4FE}.Release|Any CPU.Build.0 = Release|Any CPU
		{5CF0864A-2285-4F1C-888E-1C7B885D78E3}.Debug|Any CPU.ActiveCfg = Debug|Any CPU
		{5CF0864A-2285-4F1C-888E-1C7B885D78E3}.Debug|Any CPU.Build.0 = Debug|Any CPU
		{5CF0864A-2285-4F1C-888E-1C7B885D78E3}.Release|Any CPU.ActiveCfg = Release|Any CPU
		{5CF0864A-2285-4F1C-888E-1C7B885D78E3}.Release|Any CPU.Build.0 = Release|Any CPU
		{FF48F584-73D1-4A5F-AF4C-CEAF51701BD2}.Debug|Any CPU.ActiveCfg = Debug|Any CPU
		{FF48F584-73D1-4A5F-AF4C-CEAF51701BD2}.Debug|Any CPU.Build.0 = Debug|Any CPU
		{FF48F584-73D1-4A5F-AF4C-CEAF51701BD2}.Release|Any CPU.ActiveCfg = Release|Any CPU
		{FF48F584-73D1-4A5F-AF4C-CEAF51701BD2}.Release|Any CPU.Build.0 = Release|Any CPU
		{1E358069-742E-411D-A461-C8E72CF97CE9}.Debug|Any CPU.ActiveCfg = Debug|Any CPU
		{1E358069-742E-411D-A461-C8E72CF97CE9}.Debug|Any CPU.Build.0 = Debug|Any CPU
		{1E358069-742E-411D-A461-C8E72CF97CE9}.Release|Any CPU.ActiveCfg = Release|Any CPU
		{1E358069-742E-411D-A461-C8E72CF97CE9}.Release|Any CPU.Build.0 = Release|Any CPU
		{CE60C8C6-3F04-447B-946C-D22397E39EC6}.Debug|Any CPU.ActiveCfg = Debug|Any CPU
		{CE60C8C6-3F04-447B-946C-D22397E39EC6}.Debug|Any CPU.Build.0 = Debug|Any CPU
		{CE60C8C6-3F04-447B-946C-D22397E39EC6}.Release|Any CPU.ActiveCfg = Release|Any CPU
		{CE60C8C6-3F04-447B-946C-D22397E39EC6}.Release|Any CPU.Build.0 = Release|Any CPU
	EndGlobalSection
	GlobalSection(SolutionProperties) = preSolution
		HideSolutionNode = FALSE
	EndGlobalSection
EndGlobal
